
Microsoft Visual Studio Solution File, Format Version 10.00
# Visual Studio 2008
Project("{E24C65DC-7377-472B-9ABA-BC803B73C61A}") = "Coaching", ".", "{FD8E083C-B60B-430D-8854-A03D02937614}"
	ProjectSection(WebsiteProperties) = preProject
		TargetFramework = "3.5"
		Debug.AspNetCompiler.VirtualPath = "/Coaching"
		Debug.AspNetCompiler.PhysicalPath = "..\Coaching\"
		Debug.AspNetCompiler.TargetPath = "PrecompiledWeb\Coaching\"
		Debug.AspNetCompiler.Updateable = "true"
		Debug.AspNetCompiler.ForceOverwrite = "true"
		Debug.AspNetCompiler.FixedNames = "false"
		Debug.AspNetCompiler.Debug = "True"
		Release.AspNetCompiler.VirtualPath = "/Coaching"
		Release.AspNetCompiler.PhysicalPath = "..\Coaching\"
		Release.AspNetCompiler.TargetPath = "PrecompiledWeb\Coaching\"
		Release.AspNetCompiler.Updateable = "true"
		Release.AspNetCompiler.ForceOverwrite = "true"
		Release.AspNetCompiler.FixedNames = "false"
		Release.AspNetCompiler.Debug = "False"
		VWDPort = "5606"
	EndProjectSection
EndProject
Global
	GlobalSection(SolutionConfigurationPlatforms) = preSolution
		Debug|Any CPU = Debug|Any CPU
	EndGlobalSection
	GlobalSection(ProjectConfigurationPlatforms) = postSolution
		{FD8E083C-B60B-430D-8854-A03D02937614}.Debug|Any CPU.ActiveCfg = Debug|Any CPU
		{FD8E083C-B60B-430D-8854-A03D02937614}.Debug|Any CPU.Build.0 = Debug|Any CPU
	EndGlobalSection
	GlobalSection(SolutionProperties) = preSolution
		HideSolutionNode = FALSE
	EndGlobalSection
EndGlobal
